
Microsoft Visual Studio Solution File, Format Version 12.00
# Visual Studio 14
VisualStudioVersion = 14.0.24720.0
MinimumVisualStudioVersion = 10.0.40219.1
Project("{E24C65DC-7377-472B-9ABA-BC803B73C61A}") = "Website", "Website\", "{F752DBFD-2A67-4C47-9D7C-69656685727B}"
	ProjectSection(WebsiteProperties) = preProject
		TargetFrameworkMoniker = ".NETFramework,Version%3Dv4.5"
		Debug.AspNetCompiler.VirtualPath = "/localhost_18581"
		Debug.AspNetCompiler.PhysicalPath = "Website\"
		Debug.AspNetCompiler.TargetPath = "PrecompiledWeb\localhost_18581\"
		Debug.AspNetCompiler.Updateable = "true"
		Debug.AspNetCompiler.ForceOverwrite = "true"
		Debug.AspNetCompiler.FixedNames = "false"
		Debug.AspNetCompiler.Debug = "True"
		Release.AspNetCompiler.VirtualPath = "/localhost_18581"
		Release.AspNetCompiler.PhysicalPath = "Website\"
		Release.AspNetCompiler.TargetPath = "PrecompiledWeb\localhost_18581\"
		Release.AspNetCompiler.Updateable = "true"
		Release.AspNetCompiler.ForceOverwrite = "true"
		Release.AspNetCompiler.FixedNames = "false"
		Release.AspNetCompiler.Debug = "False"
		VWDPort = "18581"
		SlnRelativePath = "Website\"
	EndProjectSection
EndProject
Project("{FAE04EC0-301F-11D3-BF4B-00C04F79EFBC}") = "Sandbox.Mvc", "Sandbox.Mvc\Sandbox.Mvc.csproj", "{24518677-8290-46A2-B730-35E37CBDCC8B}"
EndProject
Global
	GlobalSection(SolutionConfigurationPlatforms) = preSolution
		Debug|Any CPU = Debug|Any CPU
		Release|Any CPU = Release|Any CPU
	EndGlobalSection
	GlobalSection(ProjectConfigurationPlatforms) = postSolution
		{F752DBFD-2A67-4C47-9D7C-69656685727B}.Debug|Any CPU.ActiveCfg = Debug|Any CPU
		{F752DBFD-2A67-4C47-9D7C-69656685727B}.Debug|Any CPU.Build.0 = Debug|Any CPU
		{F752DBFD-2A67-4C47-9D7C-69656685727B}.Release|Any CPU.ActiveCfg = Debug|Any CPU
		{F752DBFD-2A67-4C47-9D7C-69656685727B}.Release|Any CPU.Build.0 = Debug|Any CPU
		{24518677-8290-46A2-B730-35E37CBDCC8B}.Debug|Any CPU.ActiveCfg = Debug|Any CPU
		{24518677-8290-46A2-B730-35E37CBDCC8B}.Debug|Any CPU.Build.0 = Debug|Any CPU
		{24518677-8290-46A2-B730-35E37CBDCC8B}.Release|Any CPU.ActiveCfg = Release|Any CPU
		{24518677-8290-46A2-B730-35E37CBDCC8B}.Release|Any CPU.Build.0 = Release|Any CPU
	EndGlobalSection
	GlobalSection(SolutionProperties) = preSolution
		HideSolutionNode = FALSE
	EndGlobalSection
EndGlobal
